// !$*UTF8*$!
{
	archiveVersion = 1;
	classes = {
	};
	objectVersion = 55;
	objects = {

/* Begin PBXBuildFile section */
		BA0CF982274BBF0900C4AE09 /* Yokohama_FujiApp.swift in Sources */ = {isa = PBXBuildFile; fileRef = BA0CF981274BBF0900C4AE09 /* Yokohama_FujiApp.swift */; };
		BA0CF984274BBF0900C4AE09 /* ContentView.swift in Sources */ = {isa = PBXBuildFile; fileRef = BA0CF983274BBF0900C4AE09 /* ContentView.swift */; };
		BA0CF986274BBF0A00C4AE09 /* Assets.xcassets in Resources */ = {isa = PBXBuildFile; fileRef = BA0CF985274BBF0A00C4AE09 /* Assets.xcassets */; };
		BA0CF989274BBF0A00C4AE09 /* Preview Assets.xcassets in Resources */ = {isa = PBXBuildFile; fileRef = BA0CF988274BBF0A00C4AE09 /* Preview Assets.xcassets */; };
		BA0CF991274BC30A00C4AE09 /* locations.json in Resources */ = {isa = PBXBuildFile; fileRef = BA0CF98F274BC30900C4AE09 /* locations.json */; };
		BA0CF992274BC30A00C4AE09 /* tips.json in Resources */ = {isa = PBXBuildFile; fileRef = BA0CF990274BC30900C4AE09 /* tips.json */; };
		BA0CF994274BCDD600C4AE09 /* Location.swift in Sources */ = {isa = PBXBuildFile; fileRef = BA0CF993274BCDD600C4AE09 /* Location.swift */; };
		BA0CF996274BD1FC00C4AE09 /* Locations.swift in Sources */ = {isa = PBXBuildFile; fileRef = BA0CF995274BD1FC00C4AE09 /* Locations.swift */; };
		BA0CF998274BDA8200C4AE09 /* WorldView.swift in Sources */ = {isa = PBXBuildFile; fileRef = BA0CF997274BDA8200C4AE09 /* WorldView.swift */; };
		BA0CF99A274BE63A00C4AE09 /* Tip.swift in Sources */ = {isa = PBXBuildFile; fileRef = BA0CF999274BE63A00C4AE09 /* Tip.swift */; };
		BA0CF99C274BE70400C4AE09 /* TipsView.swift in Sources */ = {isa = PBXBuildFile; fileRef = BA0CF99B274BE70400C4AE09 /* TipsView.swift */; };
/* End PBXBuildFile section */

/* Begin PBXFileReference section */
		BA0CF97E274BBF0900C4AE09 /* Yokohama Fuji.app */ = {isa = PBXFileReference; explicitFileType = wrapper.application; includeInIndex = 0; path = "Yokohama Fuji.app"; sourceTree = BUILT_PRODUCTS_DIR; };
		BA0CF981274BBF0900C4AE09 /* Yokohama_FujiApp.swift */ = {isa = PBXFileReference; lastKnownFileType = sourcecode.swift; path = Yokohama_FujiApp.swift; sourceTree = "<group>"; };
		BA0CF983274BBF0900C4AE09 /* ContentView.swift */ = {isa = PBXFileReference; lastKnownFileType = sourcecode.swift; path = ContentView.swift; sourceTree = "<group>"; };
		BA0CF985274BBF0A00C4AE09 /* Assets.xcassets */ = {isa = PBXFileReference; lastKnownFileType = folder.assetcatalog; path = Assets.xcassets; sourceTree = "<group>"; };
		BA0CF988274BBF0A00C4AE09 /* Preview Assets.xcassets */ = {isa = PBXFileReference; lastKnownFileType = folder.assetcatalog; path = "Preview Assets.xcassets"; sourceTree = "<group>"; };
		BA0CF98F274BC30900C4AE09 /* locations.json */ = {isa = PBXFileReference; fileEncoding = 4; lastKnownFileType = text.json; path = locations.json; sourceTree = "<group>"; };
		BA0CF990274BC30900C4AE09 /* tips.json */ = {isa = PBXFileReference; fileEncoding = 4; lastKnownFileType = text.json; path = tips.json; sourceTree = "<group>"; };
		BA0CF993274BCDD600C4AE09 /* Location.swift */ = {isa = PBXFileReference; lastKnownFileType = sourcecode.swift; path = Location.swift; sourceTree = "<group>"; };
		BA0CF995274BD1FC00C4AE09 /* Locations.swift */ = {isa = PBXFileReference; lastKnownFileType = sourcecode.swift; path = Locations.swift; sourceTree = "<group>"; };
		BA0CF997274BDA8200C4AE09 /* WorldView.swift */ = {isa = PBXFileReference; lastKnownFileType = sourcecode.swift; path = WorldView.swift; sourceTree = "<group>"; };
		BA0CF999274BE63A00C4AE09 /* Tip.swift */ = {isa = PBXFileReference; lastKnownFileType = sourcecode.swift; path = Tip.swift; sourceTree = "<group>"; };
		BA0CF99B274BE70400C4AE09 /* TipsView.swift */ = {isa = PBXFileReference; lastKnownFileType = sourcecode.swift; path = TipsView.swift; sourceTree = "<group>"; };
/* End PBXFileReference section */

/* Begin PBXFrameworksBuildPhase section */
		BA0CF97B274BBF0900C4AE09 /* Frameworks */ = {
			isa = PBXFrameworksBuildPhase;
			buildActionMask = 2147483647;
			files = (
			);
			runOnlyForDeploymentPostprocessing = 0;
		};
/* End PBXFrameworksBuildPhase section */

/* Begin PBXGroup section */
		BA0CF975274BBF0900C4AE09 = {
			isa = PBXGroup;
			children = (
				BA0CF980274BBF0900C4AE09 /* Yokohama Fuji */,
				BA0CF97F274BBF0900C4AE09 /* Products */,
			);
			sourceTree = "<group>";
		};
		BA0CF97F274BBF0900C4AE09 /* Products */ = {
			isa = PBXGroup;
			children = (
				BA0CF97E274BBF0900C4AE09 /* Yokohama Fuji.app */,
			);
			name = Products;
			sourceTree = "<group>";
		};
		BA0CF980274BBF0900C4AE09 /* Yokohama Fuji */ = {
			isa = PBXGroup;
			children = (
				BA0CF997274BDA8200C4AE09 /* WorldView.swift */,
				BA0CF999274BE63A00C4AE09 /* Tip.swift */,
				BA0CF99B274BE70400C4AE09 /* TipsView.swift */,
				BA0CF981274BBF0900C4AE09 /* Yokohama_FujiApp.swift */,
				BA0CF98F274BC30900C4AE09 /* locations.json */,
				BA0CF990274BC30900C4AE09 /* tips.json */,
				BA0CF983274BBF0900C4AE09 /* ContentView.swift */,
				BA0CF995274BD1FC00C4AE09 /* Locations.swift */,
				BA0CF993274BCDD600C4AE09 /* Location.swift */,
				BA0CF985274BBF0A00C4AE09 /* Assets.xcassets */,
				BA0CF987274BBF0A00C4AE09 /* Preview Content */,
			);
			path = "Yokohama Fuji";
			sourceTree = "<group>";
		};
		BA0CF987274BBF0A00C4AE09 /* Preview Content */ = {
			isa = PBXGroup;
			children = (
				BA0CF988274BBF0A00C4AE09 /* Preview Assets.xcassets */,
			);
			path = "Preview Content";
			sourceTree = "<group>";
		};
/* End PBXGroup section */

/* Begin PBXNativeTarget section */
		BA0CF97D274BBF0900C4AE09 /* Yokohama Fuji */ = {
			isa = PBXNativeTarget;
			buildConfigurationList = BA0CF98C274BBF0A00C4AE09 /* Build configuration list for PBXNativeTarget "Yokohama Fuji" */;
			buildPhases = (
				BA0CF97A274BBF0900C4AE09 /* Sources */,
				BA0CF97B274BBF0900C4AE09 /* Frameworks */,
				BA0CF97C274BBF0900C4AE09 /* Resources */,
			);
			buildRules = (
			);
			dependencies = (
			);
			name = "Yokohama Fuji";
			productName = "Yokohama Fuji";
			productReference = BA0CF97E274BBF0900C4AE09 /* Yokohama Fuji.app */;
			productType = "com.apple.product-type.application";
		};
/* End PBXNativeTarget section */

/* Begin PBXProject section */
		BA0CF976274BBF0900C4AE09 /* Project object */ = {
			isa = PBXProject;
			attributes = {
				BuildIndependentTargetsInParallel = 1;
				LastSwiftUpdateCheck = 1310;
				LastUpgradeCheck = 1310;
				TargetAttributes = {
					BA0CF97D274BBF0900C4AE09 = {
						CreatedOnToolsVersion = 13.1;
					};
				};
			};
			buildConfigurationList = BA0CF979274BBF0900C4AE09 /* Build configuration list for PBXProject "Yokohama Fuji" */;
			compatibilityVersion = "Xcode 13.0";
			developmentRegion = en;
			hasScannedForEncodings = 0;
			knownRegions = (
				en,
				Base,
			);
			mainGroup = BA0CF975274BBF0900C4AE09;
			productRefGroup = BA0CF97F274BBF0900C4AE09 /* Products */;
			projectDirPath = "";
			projectRoot = "";
			targets = (
				BA0CF97D274BBF0900C4AE09 /* Yokohama Fuji */,
			);
		};
/* End PBXProject section */

/* Begin PBXResourcesBuildPhase section */
		BA0CF97C274BBF0900C4AE09 /* Resources */ = {
			isa = PBXResourcesBuildPhase;
			buildActionMask = 2147483647;
			files = (
				BA0CF989274BBF0A00C4AE09 /* Preview Assets.xcassets in Resources */,
				BA0CF992274BC30A00C4AE09 /* tips.json in Resources */,
				BA0CF991274BC30A00C4AE09 /* locations.json in Resources */,
				BA0CF986274BBF0A00C4AE09 /* Assets.xcassets in Resources */,
			);
			runOnlyForDeploymentPostprocessing = 0;
		};
/* End PBXResourcesBuildPhase section */

/* Begin PBXSourcesBuildPhase section */
		BA0CF97A274BBF0900C4AE09 /* Sources */ = {
			isa = PBXSourcesBuildPhase;
			buildActionMask = 2147483647;
			files = (
				BA0CF984274BBF0900C4AE09 /* ContentView.swift in Sources */,
				BA0CF994274BCDD600C4AE09 /* Location.swift in Sources */,
				BA0CF998274BDA8200C4AE09 /* WorldView.swift in Sources */,
				BA0CF99A274BE63A00C4AE09 /* Tip.swift in Sources */,
				BA0CF99C274BE70400C4AE09 /* TipsView.swift in Sources */,
				BA0CF996274BD1FC00C4AE09 /* Locations.swift in Sources */,
				BA0CF982274BBF0900C4AE09 /* Yokohama_FujiApp.swift in Sources */,
			);
			runOnlyForDeploymentPostprocessing = 0;
		};
/* End PBXSourcesBuildPhase section */

/* Begin XCBuildConfiguration section */
		BA0CF98A274BBF0A00C4AE09 /* Debug */ = {
			isa = XCBuildConfiguration;
			buildSettings = {
				ALWAYS_SEARCH_USER_PATHS = NO;
				CLANG_ANALYZER_NONNULL = YES;
				CLANG_ANALYZER_NUMBER_OBJECT_CONVERSION = YES_AGGRESSIVE;
				CLANG_CXX_LANGUAGE_STANDARD = "gnu++17";
				CLANG_CXX_LIBRARY = "libc++";
				CLANG_ENABLE_MODULES = YES;
				CLANG_ENABLE_OBJC_ARC = YES;
				CLANG_ENABLE_OBJC_WEAK = YES;
				CLANG_WARN_BLOCK_CAPTURE_AUTORELEASING = YES;
				CLANG_WARN_BOOL_CONVERSION = YES;
				CLANG_WARN_COMMA = YES;
				CLANG_WARN_CONSTANT_CONVERSION = YES;
				CLANG_WARN_DEPRECATED_OBJC_IMPLEMENTATIONS = YES;
				CLANG_WARN_DIRECT_OBJC_ISA_USAGE = YES_ERROR;
				CLANG_WARN_DOCUMENTATION_COMMENTS = YES;
				CLANG_WARN_EMPTY_BODY = YES;
				CLANG_WARN_ENUM_CONVERSION = YES;
				CLANG_WARN_INFINITE_RECURSION = YES;
				CLANG_WARN_INT_CONVERSION = YES;
				CLANG_WARN_NON_LITERAL_NULL_CONVERSION = YES;
				CLANG_WARN_OBJC_IMPLICIT_RETAIN_SELF = YES;
				CLANG_WARN_OBJC_LITERAL_CONVERSION = YES;
				CLANG_WARN_OBJC_ROOT_CLASS = YES_ERROR;
				CLANG_WARN_QUOTED_INCLUDE_IN_FRAMEWORK_HEADER = YES;
				CLANG_WARN_RANGE_LOOP_ANALYSIS = YES;
				CLANG_WARN_STRICT_PROTOTYPES = YES;
				CLANG_WARN_SUSPICIOUS_MOVE = YES;
				CLANG_WARN_UNGUARDED_AVAILABILITY = YES_AGGRESSIVE;
				CLANG_WARN_UNREACHABLE_CODE = YES;
				CLANG_WARN__DUPLICATE_METHOD_MATCH = YES;
				COPY_PHASE_STRIP = NO;
				DEBUG_INFORMATION_FORMAT = dwarf;
				ENABLE_STRICT_OBJC_MSGSEND = YES;
				ENABLE_TESTABILITY = YES;
				GCC_C_LANGUAGE_STANDARD = gnu11;
				GCC_DYNAMIC_NO_PIC = NO;
				GCC_NO_COMMON_BLOCKS = YES;
				GCC_OPTIMIZATION_LEVEL = 0;
				GCC_PREPROCESSOR_DEFINITIONS = (
					"DEBUG=1",
					"$(inherited)",
				);
				GCC_WARN_64_TO_32_BIT_CONVERSION = YES;
				GCC_WARN_ABOUT_RETURN_TYPE = YES_ERROR;
				GCC_WARN_UNDECLARED_SELECTOR = YES;
				GCC_WARN_UNINITIALIZED_AUTOS = YES_AGGRESSIVE;
				GCC_WARN_UNUSED_FUNCTION = YES;
				GCC_WARN_UNUSED_VARIABLE = YES;
				IPHONEOS_DEPLOYMENT_TARGET = 15.0;
				MTL_ENABLE_DEBUG_INFO = INCLUDE_SOURCE;
				MTL_FAST_MATH = YES;
				ONLY_ACTIVE_ARCH = YES;
				SDKROOT = iphoneos;
				SWIFT_ACTIVE_COMPILATION_CONDITIONS = DEBUG;
				SWIFT_OPTIMIZATION_LEVEL = "-Onone";
			};
			name = Debug;
		};
		BA0CF98B274BBF0A00C4AE09 /* Release */ = {
			isa = XCBuildConfiguration;
			buildSettings = {
				ALWAYS_SEARCH_USER_PATHS = NO;
				CLANG_ANALYZER_NONNULL = YES;
				CLANG_ANALYZER_NUMBER_OBJECT_CONVERSION = YES_AGGRESSIVE;
				CLANG_CXX_LANGUAGE_STANDARD = "gnu++17";
				CLANG_CXX_LIBRARY = "libc++";
				CLANG_ENABLE_MODULES = YES;
				CLANG_ENABLE_OBJC_ARC = YES;
				CLANG_ENABLE_OBJC_WEAK = YES;
				CLANG_WARN_BLOCK_CAPTURE_AUTORELEASING = YES;
				CLANG_WARN_BOOL_CONVERSION = YES;
				CLANG_WARN_COMMA = YES;
				CLANG_WARN_CONSTANT_CONVERSION = YES;
				CLANG_WARN_DEPRECATED_OBJC_IMPLEMENTATIONS = YES;
				CLANG_WARN_DIRECT_OBJC_ISA_USAGE = YES_ERROR;
				CLANG_WARN_DOCUMENTATION_COMMENTS = YES;
				CLANG_WARN_EMPTY_BODY = YES;
				CLANG_WARN_ENUM_CONVERSION = YES;
				CLANG_WARN_INFINITE_RECURSION = YES;
				CLANG_WARN_INT_CONVERSION = YES;
				CLANG_WARN_NON_LITERAL_NULL_CONVERSION = YES;
				CLANG_WARN_OBJC_IMPLICIT_RETAIN_SELF = YES;
				CLANG_WARN_OBJC_LITERAL_CONVERSION = YES;
				CLANG_WARN_OBJC_ROOT_CLASS = YES_ERROR;
				CLANG_WARN_QUOTED_INCLUDE_IN_FRAMEWORK_HEADER = YES;
				CLANG_WARN_RANGE_LOOP_ANALYSIS = YES;
				CLANG_WARN_STRICT_PROTOTYPES = YES;
				CLANG_WARN_SUSPICIOUS_MOVE = YES;
				CLANG_WARN_UNGUARDED_AVAILABILITY = YES_AGGRESSIVE;
				CLANG_WARN_UNREACHABLE_CODE = YES;
				CLANG_WARN__DUPLICATE_METHOD_MATCH = YES;
				COPY_PHASE_STRIP = NO;
				DEBUG_INFORMATION_FORMAT = "dwarf-with-dsym";
				ENABLE_NS_ASSERTIONS = NO;
				ENABLE_STRICT_OBJC_MSGSEND = YES;
				GCC_C_LANGUAGE_STANDARD = gnu11;
				GCC_NO_COMMON_BLOCKS = YES;
				GCC_WARN_64_TO_32_BIT_CONVERSION = YES;
				GCC_WARN_ABOUT_RETURN_TYPE = YES_ERROR;
				GCC_WARN_UNDECLARED_SELECTOR = YES;
				GCC_WARN_UNINITIALIZED_AUTOS = YES_AGGRESSIVE;
				GCC_WARN_UNUSED_FUNCTION = YES;
				GCC_WARN_UNUSED_VARIABLE = YES;
				IPHONEOS_DEPLOYMENT_TARGET = 15.0;
				MTL_ENABLE_DEBUG_INFO = NO;
				MTL_FAST_MATH = YES;
				SDKROOT = iphoneos;
				SWIFT_COMPILATION_MODE = wholemodule;
				SWIFT_OPTIMIZATION_LEVEL = "-O";
				VALIDATE_PRODUCT = YES;
			};
			name = Release;
		};
		BA0CF98D274BBF0A00C4AE09 /* Debug */ = {
			isa = XCBuildConfiguration;
			buildSettings = {
				ASSETCATALOG_COMPILER_APPICON_NAME = AppIcon;
				ASSETCATALOG_COMPILER_GLOBAL_ACCENT_COLOR_NAME = AccentColor;
				CODE_SIGN_STYLE = Automatic;
				CURRENT_PROJECT_VERSION = 1;
				DEVELOPMENT_ASSET_PATHS = "\"Yokohama Fuji/Preview Content\"";
				DEVELOPMENT_TEAM = P4XYP9WP44;
				ENABLE_PREVIEWS = YES;
				GENERATE_INFOPLIST_FILE = YES;
				INFOPLIST_KEY_UIApplicationSceneManifest_Generation = YES;
				INFOPLIST_KEY_UIApplicationSupportsIndirectInputEvents = YES;
				INFOPLIST_KEY_UILaunchScreen_Generation = YES;
				INFOPLIST_KEY_UISupportedInterfaceOrientations_iPad = "UIInterfaceOrientationPortrait UIInterfaceOrientationPortraitUpsideDown UIInterfaceOrientationLandscapeLeft UIInterfaceOrientationLandscapeRight";
				INFOPLIST_KEY_UISupportedInterfaceOrientations_iPhone = "UIInterfaceOrientationPortrait UIInterfaceOrientationLandscapeLeft UIInterfaceOrientationLandscapeRight";
				LD_RUNPATH_SEARCH_PATHS = (
					"$(inherited)",
					"@executable_path/Frameworks",
				);
				MARKETING_VERSION = 1.0;
				PRODUCT_BUNDLE_IDENTIFIER = "com.mikslatvis.Yokohama-Fuji";
				PRODUCT_NAME = "$(TARGET_NAME)";
				SWIFT_EMIT_LOC_STRINGS = YES;
				SWIFT_VERSION = 5.0;
				TARGETED_DEVICE_FAMILY = "1,2";
			};
			name = Debug;
		};
		BA0CF98E274BBF0A00C4AE09 /* Release */ = {
			isa = XCBuildConfiguration;
			buildSettings = {
				ASSETCATALOG_COMPILER_APPICON_NAME = AppIcon;
				ASSETCATALOG_COMPILER_GLOBAL_ACCENT_COLOR_NAME = AccentColor;
				CODE_SIGN_STYLE = Automatic;
				CURRENT_PROJECT_VERSION = 1;
				DEVELOPMENT_ASSET_PATHS = "\"Yokohama Fuji/Preview Content\"";
				DEVELOPMENT_TEAM = P4XYP9WP44;
				ENABLE_PREVIEWS = YES;
				GENERATE_INFOPLIST_FILE = YES;
				INFOPLIST_KEY_UIApplicationSceneManifest_Generation = YES;
				INFOPLIST_KEY_UIApplicationSupportsIndirectInputEvents = YES;
				INFOPLIST_KEY_UILaunchScreen_Generation = YES;
				INFOPLIST_KEY_UISupportedInterfaceOrientations_iPad = "UIInterfaceOrientationPortrait UIInterfaceOrientationPortraitUpsideDown UIInterfaceOrientationLandscapeLeft UIInterfaceOrientationLandscapeRight";
				INFOPLIST_KEY_UISupportedInterfaceOrientations_iPhone = "UIInterfaceOrientationPortrait UIInterfaceOrientationLandscapeLeft UIInterfaceOrientationLandscapeRight";
				LD_RUNPATH_SEARCH_PATHS = (
					"$(inherited)",
					"@executable_path/Frameworks",
				);
				MARKETING_VERSION = 1.0;
				PRODUCT_BUNDLE_IDENTIFIER = "com.mikslatvis.Yokohama-Fuji";
				PRODUCT_NAME = "$(TARGET_NAME)";
				SWIFT_EMIT_LOC_STRINGS = YES;
				SWIFT_VERSION = 5.0;
				TARGETED_DEVICE_FAMILY = "1,2";
			};
			name = Release;
		};
/* End XCBuildConfiguration section */

/* Begin XCConfigurationList section */
		BA0CF979274BBF0900C4AE09 /* Build configuration list for PBXProject "Yokohama Fuji" */ = {
			isa = XCConfigurationList;
			buildConfigurations = (
				BA0CF98A274BBF0A00C4AE09 /* Debug */,
				BA0CF98B274BBF0A00C4AE09 /* Release */,
			);
			defaultConfigurationIsVisible = 0;
			defaultConfigurationName = Release;
		};
		BA0CF98C274BBF0A00C4AE09 /* Build configuration list for PBXNativeTarget "Yokohama Fuji" */ = {
			isa = XCConfigurationList;
			buildConfigurations = (
				BA0CF98D274BBF0A00C4AE09 /* Debug */,
				BA0CF98E274BBF0A00C4AE09 /* Release */,
			);
			defaultConfigurationIsVisible = 0;
			defaultConfigurationName = Release;
		};
/* End XCConfigurationList section */
	};
	rootObject = BA0CF976274BBF0900C4AE09 /* Project object */;
}
